{
  "name": "@frontends/shell-library",
  "version": "0.0.0",
  "lockfileVersion": 1,
  "requires": true,
  "dependencies": {
    "@frontend/router": {
      "version": "0.0.0",
      "requires": {
        "@frontends/shell-library": "^0.0.0",
        "navigo": "^7.1.2"
      },
      "dependencies": {
        "@frontends/shell-library": {
          "version": "0.0.0",
          "bundled": true,
          "requires": {
            "@frontend/router": "^0.0.0"
          },
          "dependencies": {
            "@frontend/router": {
              "version": "0.0.0",
              "requires": {
                "@frontends/shell-library": "^0.0.0",
                "navigo": "^7.1.2"
              },
              "dependencies": {}
            }
          }
        },
        "navigo": {
          "version": "7.1.2",
          "bundled": true
        }
      }
    }
  }
}
